
Microsoft Visual Studio Solution File, Format Version 12.00
# Visual Studio Version 17
VisualStudioVersion = 17.13.35913.81 d17.13
MinimumVisualStudioVersion = 10.0.40219.1
Project("{FAE04EC0-301F-11D3-BF4B-00C04F79EFBC}") = "Bank2", "Bank2\Bank2.csproj", "{3452B231-928D-43B6-B4D4-A843DA9DA4C8}"
EndProject
Global
	GlobalSection(SolutionConfigurationPlatforms) = preSolution
		Debug|Any CPU = Debug|Any CPU
		Release|Any CPU = Release|Any CPU
	EndGlobalSection
	GlobalSection(ProjectConfigurationPlatforms) = postSolution
		{3452B231-928D-43B6-B4D4-A843DA9DA4C8}.Debug|Any CPU.ActiveCfg = Debug|Any CPU
		{3452B231-928D-43B6-B4D4-A843DA9DA4C8}.Debug|Any CPU.Build.0 = Debug|Any CPU
		{3452B231-928D-43B6-B4D4-A843DA9DA4C8}.Release|Any CPU.ActiveCfg = Release|Any CPU
		{3452B231-928D-43B6-B4D4-A843DA9DA4C8}.Release|Any CPU.Build.0 = Release|Any CPU
	EndGlobalSection
	GlobalSection(SolutionProperties) = preSolution
		HideSolutionNode = FALSE
	EndGlobalSection
	GlobalSection(ExtensibilityGlobals) = postSolution
		SolutionGuid = {00C620B8-C1CF-4E78-91AE-57560388AB8C}
	EndGlobalSection
EndGlobal
